
Microsoft Visual Studio Solution File, Format Version 12.00
# Visual Studio Version 17
VisualStudioVersion = 17.1.32210.238
MinimumVisualStudioVersion = 10.0.40219.1
Project("{9A19103F-16F7-4668-BE54-9A1E7A4F7556}") = "FFT.Disposables", "FFT.Disposables\FFT.Disposables.csproj", "{AD531CAE-BAA1-4F65-89C8-82FC2C881194}"
EndProject
Project("{2150E333-8FDC-42A3-9474-1A3956D46DE8}") = ".sln", ".sln", "{196EFBF0-D017-4F51-B4E1-16FE5C9351F0}"
	ProjectSection(SolutionItems) = preProject
		..\.editorconfig = ..\.editorconfig
		..\.gitignore = ..\.gitignore
		..\Directory.Build.props = ..\Directory.Build.props
		..\LICENSE = ..\LICENSE
		..\.github\workflows\publish.yml = ..\.github\workflows\publish.yml
		..\README.md = ..\README.md
		..\stylecop.json = ..\stylecop.json
		..\version.json = ..\version.json
	EndProjectSection
EndProject
Project("{FAE04EC0-301F-11D3-BF4B-00C04F79EFBC}") = "FFT.Disposables.Tests", "FFT.Disposables.Tests\FFT.Disposables.Tests.csproj", "{C1DAEDAB-4399-45C0-A555-C686A9B1D3BF}"
EndProject
Global
	GlobalSection(SolutionConfigurationPlatforms) = preSolution
		Debug|Any CPU = Debug|Any CPU
		Release|Any CPU = Release|Any CPU
	EndGlobalSection
	GlobalSection(ProjectConfigurationPlatforms) = postSolution
		{AD531CAE-BAA1-4F65-89C8-82FC2C881194}.Debug|Any CPU.ActiveCfg = Debug|Any CPU
		{AD531CAE-BAA1-4F65-89C8-82FC2C881194}.Debug|Any CPU.Build.0 = Debug|Any CPU
		{AD531CAE-BAA1-4F65-89C8-82FC2C881194}.Release|Any CPU.ActiveCfg = Release|Any CPU
		{AD531CAE-BAA1-4F65-89C8-82FC2C881194}.Release|Any CPU.Build.0 = Release|Any CPU
		{C1DAEDAB-4399-45C0-A555-C686A9B1D3BF}.Debug|Any CPU.ActiveCfg = Debug|Any CPU
		{C1DAEDAB-4399-45C0-A555-C686A9B1D3BF}.Debug|Any CPU.Build.0 = Debug|Any CPU
		{C1DAEDAB-4399-45C0-A555-C686A9B1D3BF}.Release|Any CPU.ActiveCfg = Release|Any CPU
		{C1DAEDAB-4399-45C0-A555-C686A9B1D3BF}.Release|Any CPU.Build.0 = Release|Any CPU
	EndGlobalSection
	GlobalSection(SolutionProperties) = preSolution
		HideSolutionNode = FALSE
	EndGlobalSection
	GlobalSection(ExtensibilityGlobals) = postSolution
		SolutionGuid = {FEAFF137-FFB5-40A3-86F8-7FB7E00598CF}
	EndGlobalSection
EndGlobal
